// !$*UTF8*$!
{
	archiveVersion = 1;
	classes = {
	};
	objectVersion = 56;
	objects = {

/* Begin PBXBuildFile section */
		D6724DB32B926AD700FC6AF7 /* AppDelegate.swift in Sources */ = {isa = PBXBuildFile; fileRef = D6724DB22B926AD700FC6AF7 /* AppDelegate.swift */; };
		D6724DB52B926AD700FC6AF7 /* SceneDelegate.swift in Sources */ = {isa = PBXBuildFile; fileRef = D6724DB42B926AD700FC6AF7 /* SceneDelegate.swift */; };
		D6724DBC2B926AD900FC6AF7 /* Assets.xcassets in Resources */ = {isa = PBXBuildFile; fileRef = D6724DBB2B926AD900FC6AF7 /* Assets.xcassets */; };
		D6724DBF2B926AD900FC6AF7 /* LaunchScreen.storyboard in Resources */ = {isa = PBXBuildFile; fileRef = D6724DBD2B926AD900FC6AF7 /* LaunchScreen.storyboard */; };
		D6724DCA2B926AD900FC6AF7 /* FilmFlixTests.swift in Sources */ = {isa = PBXBuildFile; fileRef = D6724DC92B926AD900FC6AF7 /* FilmFlixTests.swift */; };
		D6724DD42B926AD900FC6AF7 /* FilmFlixUITests.swift in Sources */ = {isa = PBXBuildFile; fileRef = D6724DD32B926AD900FC6AF7 /* FilmFlixUITests.swift */; };
		D6724DD62B926AD900FC6AF7 /* FilmFlixUITestsLaunchTests.swift in Sources */ = {isa = PBXBuildFile; fileRef = D6724DD52B926AD900FC6AF7 /* FilmFlixUITestsLaunchTests.swift */; };
		D6724DE82B926B4800FC6AF7 /* Localizable.strings in Resources */ = {isa = PBXBuildFile; fileRef = D6724DE72B926B4800FC6AF7 /* Localizable.strings */; };
		D6724DED2B926C8F00FC6AF7 /* swiftgen.yml in Resources */ = {isa = PBXBuildFile; fileRef = D6724DEE2B926C8F00FC6AF7 /* swiftgen.yml */; };
		D6724DF02B926F1600FC6AF7 /* Strings+Generated.swift in Sources */ = {isa = PBXBuildFile; fileRef = D6724DEF2B926F1600FC6AF7 /* Strings+Generated.swift */; };
		D6724DF22B926FF700FC6AF7 /* .swiftlint.yml in Resources */ = {isa = PBXBuildFile; fileRef = D6724DF12B926FF700FC6AF7 /* .swiftlint.yml */; };
		D6724DF82B92777F00FC6AF7 /* TabBarType.swift in Sources */ = {isa = PBXBuildFile; fileRef = D6724DF72B92777F00FC6AF7 /* TabBarType.swift */; };
		D6724DFA2B9277B600FC6AF7 /* TabBarViewModel.swift in Sources */ = {isa = PBXBuildFile; fileRef = D6724DF92B9277B600FC6AF7 /* TabBarViewModel.swift */; };
		D6724DFC2B9277DE00FC6AF7 /* TabBarViewControlle.swift in Sources */ = {isa = PBXBuildFile; fileRef = D6724DFB2B9277DE00FC6AF7 /* TabBarViewControlle.swift */; };
		D6724DFE2B92781800FC6AF7 /* TabBar.swift in Sources */ = {isa = PBXBuildFile; fileRef = D6724DFD2B92781800FC6AF7 /* TabBar.swift */; };
		D6724E002B92783F00FC6AF7 /* TabBarItem.swift in Sources */ = {isa = PBXBuildFile; fileRef = D6724DFF2B92783F00FC6AF7 /* TabBarItem.swift */; };
		D6724E032B92785D00FC6AF7 /* MakeConstraints in Frameworks */ = {isa = PBXBuildFile; productRef = D6724E022B92785D00FC6AF7 /* MakeConstraints */; };
		D6724E072B9279A800FC6AF7 /* MainWindow.swift in Sources */ = {isa = PBXBuildFile; fileRef = D6724E062B9279A800FC6AF7 /* MainWindow.swift */; };
		D6724E0A2B9279DE00FC6AF7 /* +topMostViewController.swift in Sources */ = {isa = PBXBuildFile; fileRef = D6724E092B9279DE00FC6AF7 /* +topMostViewController.swift */; };
		D6724E0E2B927CF200FC6AF7 /* Colors.xcassets in Resources */ = {isa = PBXBuildFile; fileRef = D6724E0D2B927CF200FC6AF7 /* Colors.xcassets */; };
		D6724E132B92823700FC6AF7 /* SectionsLayout.swift in Sources */ = {isa = PBXBuildFile; fileRef = D6724E122B92823700FC6AF7 /* SectionsLayout.swift */; };
		D6724E1A2B9282B500FC6AF7 /* HomeUseCase.swift in Sources */ = {isa = PBXBuildFile; fileRef = D6724E192B9282B500FC6AF7 /* HomeUseCase.swift */; };
		D6724E1D2B9287DC00FC6AF7 /* TrendingMoviesSection.swift in Sources */ = {isa = PBXBuildFile; fileRef = D6724E1C2B9287DC00FC6AF7 /* TrendingMoviesSection.swift */; };
		D6724E202B92885200FC6AF7 /* TrendingMoviesCollectionViewCell.swift in Sources */ = {isa = PBXBuildFile; fileRef = D6724E1E2B92885200FC6AF7 /* TrendingMoviesCollectionViewCell.swift */; };
		D6724E212B92885200FC6AF7 /* TrendingMoviesCollectionViewCell.xib in Resources */ = {isa = PBXBuildFile; fileRef = D6724E1F2B92885200FC6AF7 /* TrendingMoviesCollectionViewCell.xib */; };
		D6724E292B928AC100FC6AF7 /* EndPoint.swift in Sources */ = {isa = PBXBuildFile; fileRef = D6724E252B928AC100FC6AF7 /* EndPoint.swift */; };
		D6724E2A2B928AC100FC6AF7 /* HTTPRequestMethod.swift in Sources */ = {isa = PBXBuildFile; fileRef = D6724E262B928AC100FC6AF7 /* HTTPRequestMethod.swift */; };
		D6724E2B2B928AC100FC6AF7 /* BaseAPI.swift in Sources */ = {isa = PBXBuildFile; fileRef = D6724E272B928AC100FC6AF7 /* BaseAPI.swift */; };
		D6724E2C2B928AC100FC6AF7 /* ResponseWrapper.swift in Sources */ = {isa = PBXBuildFile; fileRef = D6724E282B928AC100FC6AF7 /* ResponseWrapper.swift */; };
		D6724E2F2B928B3400FC6AF7 /* ResponseModel.swift in Sources */ = {isa = PBXBuildFile; fileRef = D6724E2E2B928B3400FC6AF7 /* ResponseModel.swift */; };
		D6724E312B928BD400FC6AF7 /* DataEndPoint.swift in Sources */ = {isa = PBXBuildFile; fileRef = D6724E302B928BD400FC6AF7 /* DataEndPoint.swift */; };
		D6724E342B928D1400FC6AF7 /* MoviesAPI.swift in Sources */ = {isa = PBXBuildFile; fileRef = D6724E332B928D1400FC6AF7 /* MoviesAPI.swift */; };
		D6724E372B928DA300FC6AF7 /* UICollectionView+Ext.swift in Sources */ = {isa = PBXBuildFile; fileRef = D6724E362B928DA300FC6AF7 /* UICollectionView+Ext.swift */; };
		D6724E3E2B928DD700FC6AF7 /* HeaderCollectionReusableView.swift in Sources */ = {isa = PBXBuildFile; fileRef = D6724E3C2B928DD700FC6AF7 /* HeaderCollectionReusableView.swift */; };
		D6724E3F2B928DD700FC6AF7 /* HeaderCollectionReusableView.xib in Resources */ = {isa = PBXBuildFile; fileRef = D6724E3D2B928DD700FC6AF7 /* HeaderCollectionReusableView.xib */; };
		D6724E422B928EFD00FC6AF7 /* HomeViewController.swift in Sources */ = {isa = PBXBuildFile; fileRef = D6724E412B928EFD00FC6AF7 /* HomeViewController.swift */; };
		D6724E442B928F1E00FC6AF7 /* HomeViewModel.swift in Sources */ = {isa = PBXBuildFile; fileRef = D6724E432B928F1E00FC6AF7 /* HomeViewModel.swift */; };
		D6724E462B928F8300FC6AF7 /* HomeFactory.swift in Sources */ = {isa = PBXBuildFile; fileRef = D6724E452B928F8300FC6AF7 /* HomeFactory.swift */; };
		D6724E492B93869400FC6AF7 /* Constants.swift in Sources */ = {isa = PBXBuildFile; fileRef = D6724E482B93869400FC6AF7 /* Constants.swift */; };
		D6724E4C2B9386E800FC6AF7 /* UIImageView+Ext.swift in Sources */ = {isa = PBXBuildFile; fileRef = D6724E4B2B9386E800FC6AF7 /* UIImageView+Ext.swift */; };
		D6724E552B93890600FC6AF7 /* Poppins-Regular.ttf in Resources */ = {isa = PBXBuildFile; fileRef = D6724E502B93890600FC6AF7 /* Poppins-Regular.ttf */; };
		D6724E562B93890600FC6AF7 /* Poppins-SemiBold.ttf in Resources */ = {isa = PBXBuildFile; fileRef = D6724E512B93890600FC6AF7 /* Poppins-SemiBold.ttf */; };
		D6724E572B93890600FC6AF7 /* Poppins-Bold.ttf in Resources */ = {isa = PBXBuildFile; fileRef = D6724E522B93890600FC6AF7 /* Poppins-Bold.ttf */; };
		D6724E582B93890600FC6AF7 /* Poppins-Medium.ttf in Resources */ = {isa = PBXBuildFile; fileRef = D6724E532B93890600FC6AF7 /* Poppins-Medium.ttf */; };
		D6724E592B93890600FC6AF7 /* Fonts.swift in Sources */ = {isa = PBXBuildFile; fileRef = D6724E542B93890600FC6AF7 /* Fonts.swift */; };
		D6724E5C2B938C5E00FC6AF7 /* Router.swift in Sources */ = {isa = PBXBuildFile; fileRef = D6724E5B2B938C5E00FC6AF7 /* Router.swift */; };
		D6724E5E2B938C6500FC6AF7 /* AppRouter.swift in Sources */ = {isa = PBXBuildFile; fileRef = D6724E5D2B938C6500FC6AF7 /* AppRouter.swift */; };
		D6724E612B938C9000FC6AF7 /* Coordinator.swift in Sources */ = {isa = PBXBuildFile; fileRef = D6724E602B938C9000FC6AF7 /* Coordinator.swift */; };
		D6724E632B938C9A00FC6AF7 /* AppCoordinator.swift in Sources */ = {isa = PBXBuildFile; fileRef = D6724E622B938C9A00FC6AF7 /* AppCoordinator.swift */; };
		D6724E652B938D4A00FC6AF7 /* TabBarCoordinator.swift in Sources */ = {isa = PBXBuildFile; fileRef = D6724E642B938D4A00FC6AF7 /* TabBarCoordinator.swift */; };
		D6724E672B938DDC00FC6AF7 /* HomeCoordinator.swift in Sources */ = {isa = PBXBuildFile; fileRef = D6724E662B938DDC00FC6AF7 /* HomeCoordinator.swift */; };
		D6724E6D2B93B20C00FC6AF7 /* TrendingTVsCollectionViewCell.swift in Sources */ = {isa = PBXBuildFile; fileRef = D6724E6B2B93B20C00FC6AF7 /* TrendingTVsCollectionViewCell.swift */; };
		D6724E6E2B93B20C00FC6AF7 /* TrendingTVsCollectionViewCell.xib in Resources */ = {isa = PBXBuildFile; fileRef = D6724E6C2B93B20C00FC6AF7 /* TrendingTVsCollectionViewCell.xib */; };
		D6724E702B93B27F00FC6AF7 /* TrendingTVsSection.swift in Sources */ = {isa = PBXBuildFile; fileRef = D6724E6F2B93B27F00FC6AF7 /* TrendingTVsSection.swift */; };
		D6724E732B93DF0A00FC6AF7 /* TopRatedSection.swift in Sources */ = {isa = PBXBuildFile; fileRef = D6724E722B93DF0A00FC6AF7 /* TopRatedSection.swift */; };
		D6724E782B93DF7500FC6AF7 /* TopRatedCollectionViewCell.swift in Sources */ = {isa = PBXBuildFile; fileRef = D6724E762B93DF7500FC6AF7 /* TopRatedCollectionViewCell.swift */; };
		D6724E792B93DF7500FC6AF7 /* TopRatedCollectionViewCell.xib in Resources */ = {isa = PBXBuildFile; fileRef = D6724E772B93DF7500FC6AF7 /* TopRatedCollectionViewCell.xib */; };
/* End PBXBuildFile section */

/* Begin PBXContainerItemProxy section */
		D6724DC62B926AD900FC6AF7 /* PBXContainerItemProxy */ = {
			isa = PBXContainerItemProxy;
			containerPortal = D6724DA72B926AD700FC6AF7 /* Project object */;
			proxyType = 1;
			remoteGlobalIDString = D6724DAE2B926AD700FC6AF7;
			remoteInfo = FilmFlix;
		};
		D6724DD02B926AD900FC6AF7 /* PBXContainerItemProxy */ = {
			isa = PBXContainerItemProxy;
			containerPortal = D6724DA72B926AD700FC6AF7 /* Project object */;
			proxyType = 1;
			remoteGlobalIDString = D6724DAE2B926AD700FC6AF7;
			remoteInfo = FilmFlix;
		};
/* End PBXContainerItemProxy section */

/* Begin PBXFileReference section */
		D6724DAF2B926AD700FC6AF7 /* FilmFlix.app */ = {isa = PBXFileReference; explicitFileType = wrapper.application; includeInIndex = 0; path = FilmFlix.app; sourceTree = BUILT_PRODUCTS_DIR; };
		D6724DB22B926AD700FC6AF7 /* AppDelegate.swift */ = {isa = PBXFileReference; lastKnownFileType = sourcecode.swift; path = AppDelegate.swift; sourceTree = "<group>"; };
		D6724DB42B926AD700FC6AF7 /* SceneDelegate.swift */ = {isa = PBXFileReference; lastKnownFileType = sourcecode.swift; path = SceneDelegate.swift; sourceTree = "<group>"; };
		D6724DBB2B926AD900FC6AF7 /* Assets.xcassets */ = {isa = PBXFileReference; lastKnownFileType = folder.assetcatalog; path = Assets.xcassets; sourceTree = "<group>"; };
		D6724DBE2B926AD900FC6AF7 /* Base */ = {isa = PBXFileReference; lastKnownFileType = file.storyboard; name = Base; path = Base.lproj/LaunchScreen.storyboard; sourceTree = "<group>"; };
		D6724DC02B926AD900FC6AF7 /* Info.plist */ = {isa = PBXFileReference; lastKnownFileType = text.plist.xml; path = Info.plist; sourceTree = "<group>"; };
		D6724DC52B926AD900FC6AF7 /* FilmFlixTests.xctest */ = {isa = PBXFileReference; explicitFileType = wrapper.cfbundle; includeInIndex = 0; path = FilmFlixTests.xctest; sourceTree = BUILT_PRODUCTS_DIR; };
		D6724DC92B926AD900FC6AF7 /* FilmFlixTests.swift */ = {isa = PBXFileReference; lastKnownFileType = sourcecode.swift; path = FilmFlixTests.swift; sourceTree = "<group>"; };
		D6724DCF2B926AD900FC6AF7 /* FilmFlixUITests.xctest */ = {isa = PBXFileReference; explicitFileType = wrapper.cfbundle; includeInIndex = 0; path = FilmFlixUITests.xctest; sourceTree = BUILT_PRODUCTS_DIR; };
		D6724DD32B926AD900FC6AF7 /* FilmFlixUITests.swift */ = {isa = PBXFileReference; lastKnownFileType = sourcecode.swift; path = FilmFlixUITests.swift; sourceTree = "<group>"; };
		D6724DD52B926AD900FC6AF7 /* FilmFlixUITestsLaunchTests.swift */ = {isa = PBXFileReference; lastKnownFileType = sourcecode.swift; path = FilmFlixUITestsLaunchTests.swift; sourceTree = "<group>"; };
		D6724DE72B926B4800FC6AF7 /* Localizable.strings */ = {isa = PBXFileReference; lastKnownFileType = text.plist.strings; path = Localizable.strings; sourceTree = "<group>"; };
		D6724DEE2B926C8F00FC6AF7 /* swiftgen.yml */ = {isa = PBXFileReference; lastKnownFileType = text.yaml; path = swiftgen.yml; sourceTree = "<group>"; };
		D6724DEF2B926F1600FC6AF7 /* Strings+Generated.swift */ = {isa = PBXFileReference; fileEncoding = 4; lastKnownFileType = sourcecode.swift; path = "Strings+Generated.swift"; sourceTree = "<group>"; };
		D6724DF12B926FF700FC6AF7 /* .swiftlint.yml */ = {isa = PBXFileReference; fileEncoding = 4; lastKnownFileType = text.yaml; path = .swiftlint.yml; sourceTree = "<group>"; };
		D6724DF72B92777F00FC6AF7 /* TabBarType.swift */ = {isa = PBXFileReference; lastKnownFileType = sourcecode.swift; path = TabBarType.swift; sourceTree = "<group>"; };
		D6724DF92B9277B600FC6AF7 /* TabBarViewModel.swift */ = {isa = PBXFileReference; lastKnownFileType = sourcecode.swift; path = TabBarViewModel.swift; sourceTree = "<group>"; };
		D6724DFB2B9277DE00FC6AF7 /* TabBarViewControlle.swift */ = {isa = PBXFileReference; lastKnownFileType = sourcecode.swift; path = TabBarViewControlle.swift; sourceTree = "<group>"; };
		D6724DFD2B92781800FC6AF7 /* TabBar.swift */ = {isa = PBXFileReference; lastKnownFileType = sourcecode.swift; path = TabBar.swift; sourceTree = "<group>"; };
		D6724DFF2B92783F00FC6AF7 /* TabBarItem.swift */ = {isa = PBXFileReference; lastKnownFileType = sourcecode.swift; path = TabBarItem.swift; sourceTree = "<group>"; };
		D6724E062B9279A800FC6AF7 /* MainWindow.swift */ = {isa = PBXFileReference; lastKnownFileType = sourcecode.swift; path = MainWindow.swift; sourceTree = "<group>"; };
		D6724E092B9279DE00FC6AF7 /* +topMostViewController.swift */ = {isa = PBXFileReference; lastKnownFileType = sourcecode.swift; path = "+topMostViewController.swift"; sourceTree = "<group>"; };
		D6724E0D2B927CF200FC6AF7 /* Colors.xcassets */ = {isa = PBXFileReference; lastKnownFileType = folder.assetcatalog; path = Colors.xcassets; sourceTree = "<group>"; };
		D6724E122B92823700FC6AF7 /* SectionsLayout.swift */ = {isa = PBXFileReference; lastKnownFileType = sourcecode.swift; path = SectionsLayout.swift; sourceTree = "<group>"; };
		D6724E192B9282B500FC6AF7 /* HomeUseCase.swift */ = {isa = PBXFileReference; lastKnownFileType = sourcecode.swift; path = HomeUseCase.swift; sourceTree = "<group>"; };
		D6724E1C2B9287DC00FC6AF7 /* TrendingMoviesSection.swift */ = {isa = PBXFileReference; lastKnownFileType = sourcecode.swift; path = TrendingMoviesSection.swift; sourceTree = "<group>"; };
		D6724E1E2B92885200FC6AF7 /* TrendingMoviesCollectionViewCell.swift */ = {isa = PBXFileReference; lastKnownFileType = sourcecode.swift; path = TrendingMoviesCollectionViewCell.swift; sourceTree = "<group>"; };
		D6724E1F2B92885200FC6AF7 /* TrendingMoviesCollectionViewCell.xib */ = {isa = PBXFileReference; lastKnownFileType = file.xib; path = TrendingMoviesCollectionViewCell.xib; sourceTree = "<group>"; };
		D6724E252B928AC100FC6AF7 /* EndPoint.swift */ = {isa = PBXFileReference; fileEncoding = 4; lastKnownFileType = sourcecode.swift; path = EndPoint.swift; sourceTree = "<group>"; };
		D6724E262B928AC100FC6AF7 /* HTTPRequestMethod.swift */ = {isa = PBXFileReference; fileEncoding = 4; lastKnownFileType = sourcecode.swift; path = HTTPRequestMethod.swift; sourceTree = "<group>"; };
		D6724E272B928AC100FC6AF7 /* BaseAPI.swift */ = {isa = PBXFileReference; fileEncoding = 4; lastKnownFileType = sourcecode.swift; path = BaseAPI.swift; sourceTree = "<group>"; };
		D6724E282B928AC100FC6AF7 /* ResponseWrapper.swift */ = {isa = PBXFileReference; fileEncoding = 4; lastKnownFileType = sourcecode.swift; path = ResponseWrapper.swift; sourceTree = "<group>"; };
		D6724E2E2B928B3400FC6AF7 /* ResponseModel.swift */ = {isa = PBXFileReference; lastKnownFileType = sourcecode.swift; path = ResponseModel.swift; sourceTree = "<group>"; };
		D6724E302B928BD400FC6AF7 /* DataEndPoint.swift */ = {isa = PBXFileReference; lastKnownFileType = sourcecode.swift; path = DataEndPoint.swift; sourceTree = "<group>"; };
		D6724E332B928D1400FC6AF7 /* MoviesAPI.swift */ = {isa = PBXFileReference; lastKnownFileType = sourcecode.swift; path = MoviesAPI.swift; sourceTree = "<group>"; };
		D6724E362B928DA300FC6AF7 /* UICollectionView+Ext.swift */ = {isa = PBXFileReference; lastKnownFileType = sourcecode.swift; path = "UICollectionView+Ext.swift"; sourceTree = "<group>"; };
		D6724E3C2B928DD700FC6AF7 /* HeaderCollectionReusableView.swift */ = {isa = PBXFileReference; fileEncoding = 4; lastKnownFileType = sourcecode.swift; path = HeaderCollectionReusableView.swift; sourceTree = "<group>"; };
		D6724E3D2B928DD700FC6AF7 /* HeaderCollectionReusableView.xib */ = {isa = PBXFileReference; fileEncoding = 4; lastKnownFileType = file.xib; path = HeaderCollectionReusableView.xib; sourceTree = "<group>"; };
		D6724E412B928EFD00FC6AF7 /* HomeViewController.swift */ = {isa = PBXFileReference; lastKnownFileType = sourcecode.swift; path = HomeViewController.swift; sourceTree = "<group>"; };
		D6724E432B928F1E00FC6AF7 /* HomeViewModel.swift */ = {isa = PBXFileReference; lastKnownFileType = sourcecode.swift; path = HomeViewModel.swift; sourceTree = "<group>"; };
		D6724E452B928F8300FC6AF7 /* HomeFactory.swift */ = {isa = PBXFileReference; lastKnownFileType = sourcecode.swift; path = HomeFactory.swift; sourceTree = "<group>"; };
		D6724E482B93869400FC6AF7 /* Constants.swift */ = {isa = PBXFileReference; lastKnownFileType = sourcecode.swift; path = Constants.swift; sourceTree = "<group>"; };
		D6724E4B2B9386E800FC6AF7 /* UIImageView+Ext.swift */ = {isa = PBXFileReference; fileEncoding = 4; lastKnownFileType = sourcecode.swift; path = "UIImageView+Ext.swift"; sourceTree = "<group>"; };
		D6724E502B93890600FC6AF7 /* Poppins-Regular.ttf */ = {isa = PBXFileReference; lastKnownFileType = file; path = "Poppins-Regular.ttf"; sourceTree = "<group>"; };
		D6724E512B93890600FC6AF7 /* Poppins-SemiBold.ttf */ = {isa = PBXFileReference; lastKnownFileType = file; path = "Poppins-SemiBold.ttf"; sourceTree = "<group>"; };
		D6724E522B93890600FC6AF7 /* Poppins-Bold.ttf */ = {isa = PBXFileReference; lastKnownFileType = file; path = "Poppins-Bold.ttf"; sourceTree = "<group>"; };
		D6724E532B93890600FC6AF7 /* Poppins-Medium.ttf */ = {isa = PBXFileReference; lastKnownFileType = file; path = "Poppins-Medium.ttf"; sourceTree = "<group>"; };
		D6724E542B93890600FC6AF7 /* Fonts.swift */ = {isa = PBXFileReference; fileEncoding = 4; lastKnownFileType = sourcecode.swift; path = Fonts.swift; sourceTree = "<group>"; };
		D6724E5B2B938C5E00FC6AF7 /* Router.swift */ = {isa = PBXFileReference; lastKnownFileType = sourcecode.swift; path = Router.swift; sourceTree = "<group>"; };
		D6724E5D2B938C6500FC6AF7 /* AppRouter.swift */ = {isa = PBXFileReference; lastKnownFileType = sourcecode.swift; path = AppRouter.swift; sourceTree = "<group>"; };
		D6724E602B938C9000FC6AF7 /* Coordinator.swift */ = {isa = PBXFileReference; lastKnownFileType = sourcecode.swift; path = Coordinator.swift; sourceTree = "<group>"; };
		D6724E622B938C9A00FC6AF7 /* AppCoordinator.swift */ = {isa = PBXFileReference; lastKnownFileType = sourcecode.swift; path = AppCoordinator.swift; sourceTree = "<group>"; };
		D6724E642B938D4A00FC6AF7 /* TabBarCoordinator.swift */ = {isa = PBXFileReference; lastKnownFileType = sourcecode.swift; path = TabBarCoordinator.swift; sourceTree = "<group>"; };
		D6724E662B938DDC00FC6AF7 /* HomeCoordinator.swift */ = {isa = PBXFileReference; lastKnownFileType = sourcecode.swift; path = HomeCoordinator.swift; sourceTree = "<group>"; };
		D6724E6B2B93B20C00FC6AF7 /* TrendingTVsCollectionViewCell.swift */ = {isa = PBXFileReference; lastKnownFileType = sourcecode.swift; path = TrendingTVsCollectionViewCell.swift; sourceTree = "<group>"; };
		D6724E6C2B93B20C00FC6AF7 /* TrendingTVsCollectionViewCell.xib */ = {isa = PBXFileReference; lastKnownFileType = file.xib; path = TrendingTVsCollectionViewCell.xib; sourceTree = "<group>"; };
		D6724E6F2B93B27F00FC6AF7 /* TrendingTVsSection.swift */ = {isa = PBXFileReference; lastKnownFileType = sourcecode.swift; path = TrendingTVsSection.swift; sourceTree = "<group>"; };
		D6724E722B93DF0A00FC6AF7 /* TopRatedSection.swift */ = {isa = PBXFileReference; lastKnownFileType = sourcecode.swift; path = TopRatedSection.swift; sourceTree = "<group>"; };
		D6724E762B93DF7500FC6AF7 /* TopRatedCollectionViewCell.swift */ = {isa = PBXFileReference; lastKnownFileType = sourcecode.swift; path = TopRatedCollectionViewCell.swift; sourceTree = "<group>"; };
		D6724E772B93DF7500FC6AF7 /* TopRatedCollectionViewCell.xib */ = {isa = PBXFileReference; lastKnownFileType = file.xib; path = TopRatedCollectionViewCell.xib; sourceTree = "<group>"; };
/* End PBXFileReference section */

/* Begin PBXFrameworksBuildPhase section */
		D6724DAC2B926AD700FC6AF7 /* Frameworks */ = {
			isa = PBXFrameworksBuildPhase;
			buildActionMask = 2147483647;
			files = (
				D6724E032B92785D00FC6AF7 /* MakeConstraints in Frameworks */,
			);
			runOnlyForDeploymentPostprocessing = 0;
		};
		D6724DC22B926AD900FC6AF7 /* Frameworks */ = {
			isa = PBXFrameworksBuildPhase;
			buildActionMask = 2147483647;
			files = (
			);
			runOnlyForDeploymentPostprocessing = 0;
		};
		D6724DCC2B926AD900FC6AF7 /* Frameworks */ = {
			isa = PBXFrameworksBuildPhase;
			buildActionMask = 2147483647;
			files = (
			);
			runOnlyForDeploymentPostprocessing = 0;
		};
/* End PBXFrameworksBuildPhase section */

/* Begin PBXGroup section */
		D6724DA62B926AD700FC6AF7 = {
			isa = PBXGroup;
			children = (
				D6724DF12B926FF700FC6AF7 /* .swiftlint.yml */,
				D6724DEE2B926C8F00FC6AF7 /* swiftgen.yml */,
				D6724DB12B926AD700FC6AF7 /* FilmFlix */,
				D6724E042B92798B00FC6AF7 /* Utilities */,
				D6724DE42B926B1E00FC6AF7 /* Resources */,
				D6724DC82B926AD900FC6AF7 /* FilmFlixTests */,
				D6724DD22B926AD900FC6AF7 /* FilmFlixUITests */,
				D6724DB02B926AD700FC6AF7 /* Products */,
			);
			sourceTree = "<group>";
		};
		D6724DB02B926AD700FC6AF7 /* Products */ = {
			isa = PBXGroup;
			children = (
				D6724DAF2B926AD700FC6AF7 /* FilmFlix.app */,
				D6724DC52B926AD900FC6AF7 /* FilmFlixTests.xctest */,
				D6724DCF2B926AD900FC6AF7 /* FilmFlixUITests.xctest */,
			);
			name = Products;
			sourceTree = "<group>";
		};
		D6724DB12B926AD700FC6AF7 /* FilmFlix */ = {
			isa = PBXGroup;
			children = (
				D6724E2D2B928B2800FC6AF7 /* Service */,
				D6724E242B928AB600FC6AF7 /* Networking */,
				D6724DF42B92775500FC6AF7 /* Scenes */,
				D6724DB22B926AD700FC6AF7 /* AppDelegate.swift */,
				D6724DB42B926AD700FC6AF7 /* SceneDelegate.swift */,
				D6724DC02B926AD900FC6AF7 /* Info.plist */,
			);
			path = FilmFlix;
			sourceTree = "<group>";
		};
		D6724DC82B926AD900FC6AF7 /* FilmFlixTests */ = {
			isa = PBXGroup;
			children = (
				D6724DC92B926AD900FC6AF7 /* FilmFlixTests.swift */,
			);
			path = FilmFlixTests;
			sourceTree = "<group>";
		};
		D6724DD22B926AD900FC6AF7 /* FilmFlixUITests */ = {
			isa = PBXGroup;
			children = (
				D6724DD32B926AD900FC6AF7 /* FilmFlixUITests.swift */,
				D6724DD52B926AD900FC6AF7 /* FilmFlixUITestsLaunchTests.swift */,
			);
			path = FilmFlixUITests;
			sourceTree = "<group>";
		};
		D6724DE42B926B1E00FC6AF7 /* Resources */ = {
			isa = PBXGroup;
			children = (
				D6724E4F2B9388FF00FC6AF7 /* Fonts */,
				D6724E0F2B927F4800FC6AF7 /* LaunchScreen */,
				D6724DE62B926B3B00FC6AF7 /* Localization */,
				D6724DE52B926B3100FC6AF7 /* Generated */,
				D6724E102B927F5400FC6AF7 /* Assets */,
			);
			path = Resources;
			sourceTree = "<group>";
		};
		D6724DE52B926B3100FC6AF7 /* Generated */ = {
			isa = PBXGroup;
			children = (
				D6724DEF2B926F1600FC6AF7 /* Strings+Generated.swift */,
			);
			path = Generated;
			sourceTree = "<group>";
		};
		D6724DE62B926B3B00FC6AF7 /* Localization */ = {
			isa = PBXGroup;
			children = (
				D6724DE72B926B4800FC6AF7 /* Localizable.strings */,
			);
			path = Localization;
			sourceTree = "<group>";
		};
		D6724DF42B92775500FC6AF7 /* Scenes */ = {
			isa = PBXGroup;
			children = (
				D6724DF52B92775C00FC6AF7 /* TabBarController */,
				D6724E142B92825700FC6AF7 /* Home */,
			);
			path = Scenes;
			sourceTree = "<group>";
		};
		D6724DF52B92775C00FC6AF7 /* TabBarController */ = {
			isa = PBXGroup;
			children = (
				D6724DF72B92777F00FC6AF7 /* TabBarType.swift */,
				D6724DF92B9277B600FC6AF7 /* TabBarViewModel.swift */,
				D6724DFB2B9277DE00FC6AF7 /* TabBarViewControlle.swift */,
				D6724DFD2B92781800FC6AF7 /* TabBar.swift */,
				D6724DFF2B92783F00FC6AF7 /* TabBarItem.swift */,
			);
			path = TabBarController;
			sourceTree = "<group>";
		};
		D6724E042B92798B00FC6AF7 /* Utilities */ = {
			isa = PBXGroup;
			children = (
				D6724E5F2B938C8200FC6AF7 /* Coordinator */,
				D6724E5A2B938C5500FC6AF7 /* Router */,
				D6724E472B93868400FC6AF7 /* Constants */,
				D6724E3A2B928DC800FC6AF7 /* CustomViews */,
				D6724E0C2B927A1000FC6AF7 /* Extensions */,
			);
			path = Utilities;
			sourceTree = "<group>";
		};
		D6724E052B92799200FC6AF7 /* UIApplication */ = {
			isa = PBXGroup;
			children = (
				D6724E062B9279A800FC6AF7 /* MainWindow.swift */,
			);
			path = UIApplication;
			sourceTree = "<group>";
		};
		D6724E082B9279C500FC6AF7 /* UIViewController */ = {
			isa = PBXGroup;
			children = (
				D6724E092B9279DE00FC6AF7 /* +topMostViewController.swift */,
			);
			path = UIViewController;
			sourceTree = "<group>";
		};
		D6724E0C2B927A1000FC6AF7 /* Extensions */ = {
			isa = PBXGroup;
			children = (
				D6724E4A2B9386D500FC6AF7 /* UIImage */,
				D6724E352B928D6B00FC6AF7 /* UICollectionView */,
				D6724E112B92822800FC6AF7 /* SectionsLayout */,
				D6724E082B9279C500FC6AF7 /* UIViewController */,
				D6724E052B92799200FC6AF7 /* UIApplication */,
			);
			path = Extensions;
			sourceTree = "<group>";
		};
		D6724E0F2B927F4800FC6AF7 /* LaunchScreen */ = {
			isa = PBXGroup;
			children = (
				D6724DBD2B926AD900FC6AF7 /* LaunchScreen.storyboard */,
			);
			path = LaunchScreen;
			sourceTree = "<group>";
		};
		D6724E102B927F5400FC6AF7 /* Assets */ = {
			isa = PBXGroup;
			children = (
				D6724DBB2B926AD900FC6AF7 /* Assets.xcassets */,
				D6724E0D2B927CF200FC6AF7 /* Colors.xcassets */,
			);
			path = Assets;
			sourceTree = "<group>";
		};
		D6724E112B92822800FC6AF7 /* SectionsLayout */ = {
			isa = PBXGroup;
			children = (
				D6724E122B92823700FC6AF7 /* SectionsLayout.swift */,
			);
			path = SectionsLayout;
			sourceTree = "<group>";
		};
		D6724E142B92825700FC6AF7 /* Home */ = {
			isa = PBXGroup;
			children = (
				D6724E152B92826800FC6AF7 /* Data */,
				D6724E162B92826D00FC6AF7 /* Domain */,
				D6724E172B92827200FC6AF7 /* Presentation */,
			);
			path = Home;
			sourceTree = "<group>";
		};
		D6724E152B92826800FC6AF7 /* Data */ = {
			isa = PBXGroup;
			children = (
				D6724E452B928F8300FC6AF7 /* HomeFactory.swift */,
			);
			path = Data;
			sourceTree = "<group>";
		};
		D6724E162B92826D00FC6AF7 /* Domain */ = {
			isa = PBXGroup;
			children = (
				D6724E182B9282A500FC6AF7 /* Sections */,
				D6724E192B9282B500FC6AF7 /* HomeUseCase.swift */,
			);
			path = Domain;
			sourceTree = "<group>";
		};
		D6724E172B92827200FC6AF7 /* Presentation */ = {
			isa = PBXGroup;
			children = (
				D6724E412B928EFD00FC6AF7 /* HomeViewController.swift */,
				D6724E432B928F1E00FC6AF7 /* HomeViewModel.swift */,
			);
			path = Presentation;
			sourceTree = "<group>";
		};
		D6724E182B9282A500FC6AF7 /* Sections */ = {
			isa = PBXGroup;
			children = (
				D6724E712B93DEBE00FC6AF7 /* TopRatedSection */,
				D6724E6A2B93B1E700FC6AF7 /* TrendingTVsSection */,
				D6724E1B2B9287C400FC6AF7 /* TrendingMoviesSection */,
			);
			path = Sections;
			sourceTree = "<group>";
		};
		D6724E1B2B9287C400FC6AF7 /* TrendingMoviesSection */ = {
			isa = PBXGroup;
			children = (
				D6724E1C2B9287DC00FC6AF7 /* TrendingMoviesSection.swift */,
				D6724E1E2B92885200FC6AF7 /* TrendingMoviesCollectionViewCell.swift */,
				D6724E1F2B92885200FC6AF7 /* TrendingMoviesCollectionViewCell.xib */,
			);
			path = TrendingMoviesSection;
			sourceTree = "<group>";
		};
		D6724E242B928AB600FC6AF7 /* Networking */ = {
			isa = PBXGroup;
			children = (
				D6724E272B928AC100FC6AF7 /* BaseAPI.swift */,
				D6724E252B928AC100FC6AF7 /* EndPoint.swift */,
				D6724E262B928AC100FC6AF7 /* HTTPRequestMethod.swift */,
				D6724E282B928AC100FC6AF7 /* ResponseWrapper.swift */,
			);
			path = Networking;
			sourceTree = "<group>";
		};
		D6724E2D2B928B2800FC6AF7 /* Service */ = {
			isa = PBXGroup;
			children = (
				D6724E322B928D0900FC6AF7 /* MoviesAPI */,
				D6724E2E2B928B3400FC6AF7 /* ResponseModel.swift */,
				D6724E302B928BD400FC6AF7 /* DataEndPoint.swift */,
			);
			path = Service;
			sourceTree = "<group>";
		};
		D6724E322B928D0900FC6AF7 /* MoviesAPI */ = {
			isa = PBXGroup;
			children = (
				D6724E332B928D1400FC6AF7 /* MoviesAPI.swift */,
			);
			path = MoviesAPI;
			sourceTree = "<group>";
		};
		D6724E352B928D6B00FC6AF7 /* UICollectionView */ = {
			isa = PBXGroup;
			children = (
				D6724E362B928DA300FC6AF7 /* UICollectionView+Ext.swift */,
			);
			path = UICollectionView;
			sourceTree = "<group>";
		};
		D6724E3A2B928DC800FC6AF7 /* CustomViews */ = {
			isa = PBXGroup;
			children = (
				D6724E3B2B928DD200FC6AF7 /* SupplementaryView */,
			);
			path = CustomViews;
			sourceTree = "<group>";
		};
		D6724E3B2B928DD200FC6AF7 /* SupplementaryView */ = {
			isa = PBXGroup;
			children = (
				D6724E3C2B928DD700FC6AF7 /* HeaderCollectionReusableView.swift */,
				D6724E3D2B928DD700FC6AF7 /* HeaderCollectionReusableView.xib */,
			);
			path = SupplementaryView;
			sourceTree = "<group>";
		};
		D6724E472B93868400FC6AF7 /* Constants */ = {
			isa = PBXGroup;
			children = (
				D6724E482B93869400FC6AF7 /* Constants.swift */,
			);
			path = Constants;
			sourceTree = "<group>";
		};
		D6724E4A2B9386D500FC6AF7 /* UIImage */ = {
			isa = PBXGroup;
			children = (
				D6724E4B2B9386E800FC6AF7 /* UIImageView+Ext.swift */,
			);
			path = UIImage;
			sourceTree = "<group>";
		};
		D6724E4F2B9388FF00FC6AF7 /* Fonts */ = {
			isa = PBXGroup;
			children = (
				D6724E542B93890600FC6AF7 /* Fonts.swift */,
				D6724E522B93890600FC6AF7 /* Poppins-Bold.ttf */,
				D6724E532B93890600FC6AF7 /* Poppins-Medium.ttf */,
				D6724E502B93890600FC6AF7 /* Poppins-Regular.ttf */,
				D6724E512B93890600FC6AF7 /* Poppins-SemiBold.ttf */,
			);
			path = Fonts;
			sourceTree = "<group>";
		};
		D6724E5A2B938C5500FC6AF7 /* Router */ = {
			isa = PBXGroup;
			children = (
				D6724E5B2B938C5E00FC6AF7 /* Router.swift */,
				D6724E5D2B938C6500FC6AF7 /* AppRouter.swift */,
			);
			path = Router;
			sourceTree = "<group>";
		};
		D6724E5F2B938C8200FC6AF7 /* Coordinator */ = {
			isa = PBXGroup;
			children = (
				D6724E602B938C9000FC6AF7 /* Coordinator.swift */,
				D6724E622B938C9A00FC6AF7 /* AppCoordinator.swift */,
				D6724E642B938D4A00FC6AF7 /* TabBarCoordinator.swift */,
				D6724E662B938DDC00FC6AF7 /* HomeCoordinator.swift */,
			);
			path = Coordinator;
			sourceTree = "<group>";
		};
		D6724E6A2B93B1E700FC6AF7 /* TrendingTVsSection */ = {
			isa = PBXGroup;
			children = (
				D6724E6F2B93B27F00FC6AF7 /* TrendingTVsSection.swift */,
				D6724E6B2B93B20C00FC6AF7 /* TrendingTVsCollectionViewCell.swift */,
				D6724E6C2B93B20C00FC6AF7 /* TrendingTVsCollectionViewCell.xib */,
			);
			path = TrendingTVsSection;
			sourceTree = "<group>";
		};
		D6724E712B93DEBE00FC6AF7 /* TopRatedSection */ = {
			isa = PBXGroup;
			children = (
				D6724E722B93DF0A00FC6AF7 /* TopRatedSection.swift */,
				D6724E762B93DF7500FC6AF7 /* TopRatedCollectionViewCell.swift */,
				D6724E772B93DF7500FC6AF7 /* TopRatedCollectionViewCell.xib */,
			);
			path = TopRatedSection;
			sourceTree = "<group>";
		};
/* End PBXGroup section */

/* Begin PBXNativeTarget section */
		D6724DAE2B926AD700FC6AF7 /* FilmFlix */ = {
			isa = PBXNativeTarget;
			buildConfigurationList = D6724DD92B926AD900FC6AF7 /* Build configuration list for PBXNativeTarget "FilmFlix" */;
			buildPhases = (
				D6724DE92B926B6300FC6AF7 /* swiftgen */,
				D6724DF32B92700300FC6AF7 /* swiftlint */,
				D6724DAB2B926AD700FC6AF7 /* Sources */,
				D6724DAC2B926AD700FC6AF7 /* Frameworks */,
				D6724DAD2B926AD700FC6AF7 /* Resources */,
			);
			buildRules = (
			);
			dependencies = (
			);
			name = FilmFlix;
			packageProductDependencies = (
				D6724E022B92785D00FC6AF7 /* MakeConstraints */,
			);
			productName = FilmFlix;
			productReference = D6724DAF2B926AD700FC6AF7 /* FilmFlix.app */;
			productType = "com.apple.product-type.application";
		};
		D6724DC42B926AD900FC6AF7 /* FilmFlixTests */ = {
			isa = PBXNativeTarget;
			buildConfigurationList = D6724DDC2B926AD900FC6AF7 /* Build configuration list for PBXNativeTarget "FilmFlixTests" */;
			buildPhases = (
				D6724DC12B926AD900FC6AF7 /* Sources */,
				D6724DC22B926AD900FC6AF7 /* Frameworks */,
				D6724DC32B926AD900FC6AF7 /* Resources */,
			);
			buildRules = (
			);
			dependencies = (
				D6724DC72B926AD900FC6AF7 /* PBXTargetDependency */,
			);
			name = FilmFlixTests;
			productName = FilmFlixTests;
			productReference = D6724DC52B926AD900FC6AF7 /* FilmFlixTests.xctest */;
			productType = "com.apple.product-type.bundle.unit-test";
		};
		D6724DCE2B926AD900FC6AF7 /* FilmFlixUITests */ = {
			isa = PBXNativeTarget;
			buildConfigurationList = D6724DDF2B926AD900FC6AF7 /* Build configuration list for PBXNativeTarget "FilmFlixUITests" */;
			buildPhases = (
				D6724DCB2B926AD900FC6AF7 /* Sources */,
				D6724DCC2B926AD900FC6AF7 /* Frameworks */,
				D6724DCD2B926AD900FC6AF7 /* Resources */,
			);
			buildRules = (
			);
			dependencies = (
				D6724DD12B926AD900FC6AF7 /* PBXTargetDependency */,
			);
			name = FilmFlixUITests;
			productName = FilmFlixUITests;
			productReference = D6724DCF2B926AD900FC6AF7 /* FilmFlixUITests.xctest */;
			productType = "com.apple.product-type.bundle.ui-testing";
		};
/* End PBXNativeTarget section */

/* Begin PBXProject section */
		D6724DA72B926AD700FC6AF7 /* Project object */ = {
			isa = PBXProject;
			attributes = {
				BuildIndependentTargetsInParallel = 1;
				LastSwiftUpdateCheck = 1500;
				LastUpgradeCheck = 1500;
				TargetAttributes = {
					D6724DAE2B926AD700FC6AF7 = {
						CreatedOnToolsVersion = 15.0.1;
					};
					D6724DC42B926AD900FC6AF7 = {
						CreatedOnToolsVersion = 15.0.1;
						TestTargetID = D6724DAE2B926AD700FC6AF7;
					};
					D6724DCE2B926AD900FC6AF7 = {
						CreatedOnToolsVersion = 15.0.1;
						TestTargetID = D6724DAE2B926AD700FC6AF7;
					};
				};
			};
			buildConfigurationList = D6724DAA2B926AD700FC6AF7 /* Build configuration list for PBXProject "FilmFlix" */;
			compatibilityVersion = "Xcode 14.0";
			developmentRegion = en;
			hasScannedForEncodings = 0;
			knownRegions = (
				en,
				Base,
			);
			mainGroup = D6724DA62B926AD700FC6AF7;
			packageReferences = (
				D6724E012B92785D00FC6AF7 /* XCRemoteSwiftPackageReference "MakeConstraints" */,
			);
			productRefGroup = D6724DB02B926AD700FC6AF7 /* Products */;
			projectDirPath = "";
			projectRoot = "";
			targets = (
				D6724DAE2B926AD700FC6AF7 /* FilmFlix */,
				D6724DC42B926AD900FC6AF7 /* FilmFlixTests */,
				D6724DCE2B926AD900FC6AF7 /* FilmFlixUITests */,
			);
		};
/* End PBXProject section */

/* Begin PBXResourcesBuildPhase section */
		D6724DAD2B926AD700FC6AF7 /* Resources */ = {
			isa = PBXResourcesBuildPhase;
			buildActionMask = 2147483647;
			files = (
				D6724DF22B926FF700FC6AF7 /* .swiftlint.yml in Resources */,
				D6724DE82B926B4800FC6AF7 /* Localizable.strings in Resources */,
				D6724E562B93890600FC6AF7 /* Poppins-SemiBold.ttf in Resources */,
				D6724E792B93DF7500FC6AF7 /* TopRatedCollectionViewCell.xib in Resources */,
				D6724E582B93890600FC6AF7 /* Poppins-Medium.ttf in Resources */,
				D6724E3F2B928DD700FC6AF7 /* HeaderCollectionReusableView.xib in Resources */,
				D6724DBF2B926AD900FC6AF7 /* LaunchScreen.storyboard in Resources */,
				D6724E212B92885200FC6AF7 /* TrendingMoviesCollectionViewCell.xib in Resources */,
				D6724E6E2B93B20C00FC6AF7 /* TrendingTVsCollectionViewCell.xib in Resources */,
				D6724E572B93890600FC6AF7 /* Poppins-Bold.ttf in Resources */,
				D6724E0E2B927CF200FC6AF7 /* Colors.xcassets in Resources */,
				D6724DBC2B926AD900FC6AF7 /* Assets.xcassets in Resources */,
				D6724DED2B926C8F00FC6AF7 /* swiftgen.yml in Resources */,
				D6724E552B93890600FC6AF7 /* Poppins-Regular.ttf in Resources */,
			);
			runOnlyForDeploymentPostprocessing = 0;
		};
		D6724DC32B926AD900FC6AF7 /* Resources */ = {
			isa = PBXResourcesBuildPhase;
			buildActionMask = 2147483647;
			files = (
			);
			runOnlyForDeploymentPostprocessing = 0;
		};
		D6724DCD2B926AD900FC6AF7 /* Resources */ = {
			isa = PBXResourcesBuildPhase;
			buildActionMask = 2147483647;
			files = (
			);
			runOnlyForDeploymentPostprocessing = 0;
		};
/* End PBXResourcesBuildPhase section */

/* Begin PBXShellScriptBuildPhase section */
		D6724DE92B926B6300FC6AF7 /* swiftgen */ = {
			isa = PBXShellScriptBuildPhase;
			buildActionMask = 2147483647;
			files = (
			);
			inputFileListPaths = (
			);
			inputPaths = (
			);
			name = swiftgen;
			outputFileListPaths = (
			);
			outputPaths = (
			);
			runOnlyForDeploymentPostprocessing = 0;
			shellPath = /bin/sh;
			shellScript = "# Type a script or drag a script file from your workspace to insert its path.\nexport PATH=\"$PATH:/opt/homebrew/bin\"\nif which swiftgen >/dev/null; then\n  swiftgen\nelse\n  echo \"warning: get not installed, download from https://github.com/realm/SwiftLint\"\nfi \n\n";
		};
		D6724DF32B92700300FC6AF7 /* swiftlint */ = {
			isa = PBXShellScriptBuildPhase;
			buildActionMask = 2147483647;
			files = (
			);
			inputFileListPaths = (
			);
			inputPaths = (
			);
			name = swiftlint;
			outputFileListPaths = (
			);
			outputPaths = (
			);
			runOnlyForDeploymentPostprocessing = 0;
			shellPath = /bin/sh;
			shellScript = "export PATH=\"$PATH:/opt/homebrew/bin\"\nif which swiftlint >/dev/null; then\n  swiftlint\nelse\n  echo \"warning: SwiftLint not installed, download from https://github.com/realm/SwiftLint\"\nfi \n\n";
		};
/* End PBXShellScriptBuildPhase section */

/* Begin PBXSourcesBuildPhase section */
		D6724DAB2B926AD700FC6AF7 /* Sources */ = {
			isa = PBXSourcesBuildPhase;
			buildActionMask = 2147483647;
			files = (
				D6724E632B938C9A00FC6AF7 /* AppCoordinator.swift in Sources */,
				D6724DFC2B9277DE00FC6AF7 /* TabBarViewControlle.swift in Sources */,
				D6724E5E2B938C6500FC6AF7 /* AppRouter.swift in Sources */,
				D6724E072B9279A800FC6AF7 /* MainWindow.swift in Sources */,
				D6724E312B928BD400FC6AF7 /* DataEndPoint.swift in Sources */,
				D6724E442B928F1E00FC6AF7 /* HomeViewModel.swift in Sources */,
				D6724DF82B92777F00FC6AF7 /* TabBarType.swift in Sources */,
				D6724E702B93B27F00FC6AF7 /* TrendingTVsSection.swift in Sources */,
				D6724E0A2B9279DE00FC6AF7 /* +topMostViewController.swift in Sources */,
				D6724E3E2B928DD700FC6AF7 /* HeaderCollectionReusableView.swift in Sources */,
				D6724E202B92885200FC6AF7 /* TrendingMoviesCollectionViewCell.swift in Sources */,
				D6724E002B92783F00FC6AF7 /* TabBarItem.swift in Sources */,
				D6724E592B93890600FC6AF7 /* Fonts.swift in Sources */,
				D6724E672B938DDC00FC6AF7 /* HomeCoordinator.swift in Sources */,
				D6724E132B92823700FC6AF7 /* SectionsLayout.swift in Sources */,
				D6724E782B93DF7500FC6AF7 /* TopRatedCollectionViewCell.swift in Sources */,
				D6724E1A2B9282B500FC6AF7 /* HomeUseCase.swift in Sources */,
				D6724DFE2B92781800FC6AF7 /* TabBar.swift in Sources */,
				D6724E422B928EFD00FC6AF7 /* HomeViewController.swift in Sources */,
				D6724DB32B926AD700FC6AF7 /* AppDelegate.swift in Sources */,
				D6724E612B938C9000FC6AF7 /* Coordinator.swift in Sources */,
				D6724E1D2B9287DC00FC6AF7 /* TrendingMoviesSection.swift in Sources */,
				D6724DF02B926F1600FC6AF7 /* Strings+Generated.swift in Sources */,
				D6724E2C2B928AC100FC6AF7 /* ResponseWrapper.swift in Sources */,
				D6724E342B928D1400FC6AF7 /* MoviesAPI.swift in Sources */,
				D6724E652B938D4A00FC6AF7 /* TabBarCoordinator.swift in Sources */,
				D6724E2A2B928AC100FC6AF7 /* HTTPRequestMethod.swift in Sources */,
				D6724E6D2B93B20C00FC6AF7 /* TrendingTVsCollectionViewCell.swift in Sources */,
				D6724E372B928DA300FC6AF7 /* UICollectionView+Ext.swift in Sources */,
				D6724E4C2B9386E800FC6AF7 /* UIImageView+Ext.swift in Sources */,
				D6724E5C2B938C5E00FC6AF7 /* Router.swift in Sources */,
				D6724E292B928AC100FC6AF7 /* EndPoint.swift in Sources */,
				D6724E2B2B928AC100FC6AF7 /* BaseAPI.swift in Sources */,
				D6724E732B93DF0A00FC6AF7 /* TopRatedSection.swift in Sources */,
				D6724DFA2B9277B600FC6AF7 /* TabBarViewModel.swift in Sources */,
				D6724E462B928F8300FC6AF7 /* HomeFactory.swift in Sources */,
				D6724DB52B926AD700FC6AF7 /* SceneDelegate.swift in Sources */,
				D6724E2F2B928B3400FC6AF7 /* ResponseModel.swift in Sources */,
				D6724E492B93869400FC6AF7 /* Constants.swift in Sources */,
			);
			runOnlyForDeploymentPostprocessing = 0;
		};
		D6724DC12B926AD900FC6AF7 /* Sources */ = {
			isa = PBXSourcesBuildPhase;
			buildActionMask = 2147483647;
			files = (
				D6724DCA2B926AD900FC6AF7 /* FilmFlixTests.swift in Sources */,
			);
			runOnlyForDeploymentPostprocessing = 0;
		};
		D6724DCB2B926AD900FC6AF7 /* Sources */ = {
			isa = PBXSourcesBuildPhase;
			buildActionMask = 2147483647;
			files = (
				D6724DD62B926AD900FC6AF7 /* FilmFlixUITestsLaunchTests.swift in Sources */,
				D6724DD42B926AD900FC6AF7 /* FilmFlixUITests.swift in Sources */,
			);
			runOnlyForDeploymentPostprocessing = 0;
		};
/* End PBXSourcesBuildPhase section */

/* Begin PBXTargetDependency section */
		D6724DC72B926AD900FC6AF7 /* PBXTargetDependency */ = {
			isa = PBXTargetDependency;
			target = D6724DAE2B926AD700FC6AF7 /* FilmFlix */;
			targetProxy = D6724DC62B926AD900FC6AF7 /* PBXContainerItemProxy */;
		};
		D6724DD12B926AD900FC6AF7 /* PBXTargetDependency */ = {
			isa = PBXTargetDependency;
			target = D6724DAE2B926AD700FC6AF7 /* FilmFlix */;
			targetProxy = D6724DD02B926AD900FC6AF7 /* PBXContainerItemProxy */;
		};
/* End PBXTargetDependency section */

/* Begin PBXVariantGroup section */
		D6724DBD2B926AD900FC6AF7 /* LaunchScreen.storyboard */ = {
			isa = PBXVariantGroup;
			children = (
				D6724DBE2B926AD900FC6AF7 /* Base */,
			);
			name = LaunchScreen.storyboard;
			sourceTree = "<group>";
		};
/* End PBXVariantGroup section */

/* Begin XCBuildConfiguration section */
		D6724DD72B926AD900FC6AF7 /* Debug */ = {
			isa = XCBuildConfiguration;
			buildSettings = {
				ALWAYS_SEARCH_USER_PATHS = NO;
				ASSETCATALOG_COMPILER_GENERATE_SWIFT_ASSET_SYMBOL_EXTENSIONS = YES;
				CLANG_ANALYZER_NONNULL = YES;
				CLANG_ANALYZER_NUMBER_OBJECT_CONVERSION = YES_AGGRESSIVE;
				CLANG_CXX_LANGUAGE_STANDARD = "gnu++20";
				CLANG_ENABLE_MODULES = YES;
				CLANG_ENABLE_OBJC_ARC = YES;
				CLANG_ENABLE_OBJC_WEAK = YES;
				CLANG_WARN_BLOCK_CAPTURE_AUTORELEASING = YES;
				CLANG_WARN_BOOL_CONVERSION = YES;
				CLANG_WARN_COMMA = YES;
				CLANG_WARN_CONSTANT_CONVERSION = YES;
				CLANG_WARN_DEPRECATED_OBJC_IMPLEMENTATIONS = YES;
				CLANG_WARN_DIRECT_OBJC_ISA_USAGE = YES_ERROR;
				CLANG_WARN_DOCUMENTATION_COMMENTS = YES;
				CLANG_WARN_EMPTY_BODY = YES;
				CLANG_WARN_ENUM_CONVERSION = YES;
				CLANG_WARN_INFINITE_RECURSION = YES;
				CLANG_WARN_INT_CONVERSION = YES;
				CLANG_WARN_NON_LITERAL_NULL_CONVERSION = YES;
				CLANG_WARN_OBJC_IMPLICIT_RETAIN_SELF = YES;
				CLANG_WARN_OBJC_LITERAL_CONVERSION = YES;
				CLANG_WARN_OBJC_ROOT_CLASS = YES_ERROR;
				CLANG_WARN_QUOTED_INCLUDE_IN_FRAMEWORK_HEADER = YES;
				CLANG_WARN_RANGE_LOOP_ANALYSIS = YES;
				CLANG_WARN_STRICT_PROTOTYPES = YES;
				CLANG_WARN_SUSPICIOUS_MOVE = YES;
				CLANG_WARN_UNGUARDED_AVAILABILITY = YES_AGGRESSIVE;
				CLANG_WARN_UNREACHABLE_CODE = YES;
				CLANG_WARN__DUPLICATE_METHOD_MATCH = YES;
				COPY_PHASE_STRIP = NO;
				DEBUG_INFORMATION_FORMAT = dwarf;
				ENABLE_STRICT_OBJC_MSGSEND = YES;
				ENABLE_TESTABILITY = YES;
				ENABLE_USER_SCRIPT_SANDBOXING = YES;
				GCC_C_LANGUAGE_STANDARD = gnu17;
				GCC_DYNAMIC_NO_PIC = NO;
				GCC_NO_COMMON_BLOCKS = YES;
				GCC_OPTIMIZATION_LEVEL = 0;
				GCC_PREPROCESSOR_DEFINITIONS = (
					"DEBUG=1",
					"$(inherited)",
				);
				GCC_WARN_64_TO_32_BIT_CONVERSION = YES;
				GCC_WARN_ABOUT_RETURN_TYPE = YES_ERROR;
				GCC_WARN_UNDECLARED_SELECTOR = YES;
				GCC_WARN_UNINITIALIZED_AUTOS = YES_AGGRESSIVE;
				GCC_WARN_UNUSED_FUNCTION = YES;
				GCC_WARN_UNUSED_VARIABLE = YES;
				IPHONEOS_DEPLOYMENT_TARGET = 17.0;
				LOCALIZATION_PREFERS_STRING_CATALOGS = YES;
				MTL_ENABLE_DEBUG_INFO = INCLUDE_SOURCE;
				MTL_FAST_MATH = YES;
				ONLY_ACTIVE_ARCH = YES;
				SDKROOT = iphoneos;
				SWIFT_ACTIVE_COMPILATION_CONDITIONS = "DEBUG $(inherited)";
				SWIFT_OPTIMIZATION_LEVEL = "-Onone";
			};
			name = Debug;
		};
		D6724DD82B926AD900FC6AF7 /* Release */ = {
			isa = XCBuildConfiguration;
			buildSettings = {
				ALWAYS_SEARCH_USER_PATHS = NO;
				ASSETCATALOG_COMPILER_GENERATE_SWIFT_ASSET_SYMBOL_EXTENSIONS = YES;
				CLANG_ANALYZER_NONNULL = YES;
				CLANG_ANALYZER_NUMBER_OBJECT_CONVERSION = YES_AGGRESSIVE;
				CLANG_CXX_LANGUAGE_STANDARD = "gnu++20";
				CLANG_ENABLE_MODULES = YES;
				CLANG_ENABLE_OBJC_ARC = YES;
				CLANG_ENABLE_OBJC_WEAK = YES;
				CLANG_WARN_BLOCK_CAPTURE_AUTORELEASING = YES;
				CLANG_WARN_BOOL_CONVERSION = YES;
				CLANG_WARN_COMMA = YES;
				CLANG_WARN_CONSTANT_CONVERSION = YES;
				CLANG_WARN_DEPRECATED_OBJC_IMPLEMENTATIONS = YES;
				CLANG_WARN_DIRECT_OBJC_ISA_USAGE = YES_ERROR;
				CLANG_WARN_DOCUMENTATION_COMMENTS = YES;
				CLANG_WARN_EMPTY_BODY = YES;
				CLANG_WARN_ENUM_CONVERSION = YES;
				CLANG_WARN_INFINITE_RECURSION = YES;
				CLANG_WARN_INT_CONVERSION = YES;
				CLANG_WARN_NON_LITERAL_NULL_CONVERSION = YES;
				CLANG_WARN_OBJC_IMPLICIT_RETAIN_SELF = YES;
				CLANG_WARN_OBJC_LITERAL_CONVERSION = YES;
				CLANG_WARN_OBJC_ROOT_CLASS = YES_ERROR;
				CLANG_WARN_QUOTED_INCLUDE_IN_FRAMEWORK_HEADER = YES;
				CLANG_WARN_RANGE_LOOP_ANALYSIS = YES;
				CLANG_WARN_STRICT_PROTOTYPES = YES;
				CLANG_WARN_SUSPICIOUS_MOVE = YES;
				CLANG_WARN_UNGUARDED_AVAILABILITY = YES_AGGRESSIVE;
				CLANG_WARN_UNREACHABLE_CODE = YES;
				CLANG_WARN__DUPLICATE_METHOD_MATCH = YES;
				COPY_PHASE_STRIP = NO;
				DEBUG_INFORMATION_FORMAT = "dwarf-with-dsym";
				ENABLE_NS_ASSERTIONS = NO;
				ENABLE_STRICT_OBJC_MSGSEND = YES;
				ENABLE_USER_SCRIPT_SANDBOXING = YES;
				GCC_C_LANGUAGE_STANDARD = gnu17;
				GCC_NO_COMMON_BLOCKS = YES;
				GCC_WARN_64_TO_32_BIT_CONVERSION = YES;
				GCC_WARN_ABOUT_RETURN_TYPE = YES_ERROR;
				GCC_WARN_UNDECLARED_SELECTOR = YES;
				GCC_WARN_UNINITIALIZED_AUTOS = YES_AGGRESSIVE;
				GCC_WARN_UNUSED_FUNCTION = YES;
				GCC_WARN_UNUSED_VARIABLE = YES;
				IPHONEOS_DEPLOYMENT_TARGET = 17.0;
				LOCALIZATION_PREFERS_STRING_CATALOGS = YES;
				MTL_ENABLE_DEBUG_INFO = NO;
				MTL_FAST_MATH = YES;
				SDKROOT = iphoneos;
				SWIFT_COMPILATION_MODE = wholemodule;
				VALIDATE_PRODUCT = YES;
			};
			name = Release;
		};
		D6724DDA2B926AD900FC6AF7 /* Debug */ = {
			isa = XCBuildConfiguration;
			buildSettings = {
				ASSETCATALOG_COMPILER_APPICON_NAME = AppIcon;
				ASSETCATALOG_COMPILER_GLOBAL_ACCENT_COLOR_NAME = AccentColor;
				CODE_SIGN_STYLE = Automatic;
				CURRENT_PROJECT_VERSION = 1;
				DEVELOPMENT_TEAM = Z9VC2L39AT;
				ENABLE_USER_SCRIPT_SANDBOXING = NO;
				GENERATE_INFOPLIST_FILE = YES;
				INFOPLIST_FILE = FilmFlix/Info.plist;
				INFOPLIST_KEY_UIApplicationSupportsIndirectInputEvents = YES;
				INFOPLIST_KEY_UILaunchStoryboardName = LaunchScreen;
				INFOPLIST_KEY_UISupportedInterfaceOrientations_iPad = "UIInterfaceOrientationPortrait UIInterfaceOrientationPortraitUpsideDown UIInterfaceOrientationLandscapeLeft UIInterfaceOrientationLandscapeRight";
				INFOPLIST_KEY_UISupportedInterfaceOrientations_iPhone = "UIInterfaceOrientationPortrait UIInterfaceOrientationLandscapeLeft UIInterfaceOrientationLandscapeRight";
				IPHONEOS_DEPLOYMENT_TARGET = 16.0;
				LD_RUNPATH_SEARCH_PATHS = (
					"$(inherited)",
					"@executable_path/Frameworks",
				);
				MARKETING_VERSION = 1.0;
				PRODUCT_BUNDLE_IDENTIFIER = co.thenasserr.FilmFlix;
				PRODUCT_NAME = "$(TARGET_NAME)";
				SWIFT_EMIT_LOC_STRINGS = YES;
				SWIFT_VERSION = 5.0;
				TARGETED_DEVICE_FAMILY = "1,2";
			};
			name = Debug;
		};
		D6724DDB2B926AD900FC6AF7 /* Release */ = {
			isa = XCBuildConfiguration;
			buildSettings = {
				ASSETCATALOG_COMPILER_APPICON_NAME = AppIcon;
				ASSETCATALOG_COMPILER_GLOBAL_ACCENT_COLOR_NAME = AccentColor;
				CODE_SIGN_STYLE = Automatic;
				CURRENT_PROJECT_VERSION = 1;
				DEVELOPMENT_TEAM = Z9VC2L39AT;
				ENABLE_USER_SCRIPT_SANDBOXING = NO;
				GENERATE_INFOPLIST_FILE = YES;
				INFOPLIST_FILE = FilmFlix/Info.plist;
				INFOPLIST_KEY_UIApplicationSupportsIndirectInputEvents = YES;
				INFOPLIST_KEY_UILaunchStoryboardName = LaunchScreen;
				INFOPLIST_KEY_UISupportedInterfaceOrientations_iPad = "UIInterfaceOrientationPortrait UIInterfaceOrientationPortraitUpsideDown UIInterfaceOrientationLandscapeLeft UIInterfaceOrientationLandscapeRight";
				INFOPLIST_KEY_UISupportedInterfaceOrientations_iPhone = "UIInterfaceOrientationPortrait UIInterfaceOrientationLandscapeLeft UIInterfaceOrientationLandscapeRight";
				IPHONEOS_DEPLOYMENT_TARGET = 16.0;
				LD_RUNPATH_SEARCH_PATHS = (
					"$(inherited)",
					"@executable_path/Frameworks",
				);
				MARKETING_VERSION = 1.0;
				PRODUCT_BUNDLE_IDENTIFIER = co.thenasserr.FilmFlix;
				PRODUCT_NAME = "$(TARGET_NAME)";
				SWIFT_EMIT_LOC_STRINGS = YES;
				SWIFT_VERSION = 5.0;
				TARGETED_DEVICE_FAMILY = "1,2";
			};
			name = Release;
		};
		D6724DDD2B926AD900FC6AF7 /* Debug */ = {
			isa = XCBuildConfiguration;
			buildSettings = {
				ALWAYS_EMBED_SWIFT_STANDARD_LIBRARIES = YES;
				BUNDLE_LOADER = "$(TEST_HOST)";
				CODE_SIGN_STYLE = Automatic;
				CURRENT_PROJECT_VERSION = 1;
				DEVELOPMENT_TEAM = Z9VC2L39AT;
				GENERATE_INFOPLIST_FILE = YES;
				IPHONEOS_DEPLOYMENT_TARGET = 17.0;
				MARKETING_VERSION = 1.0;
				PRODUCT_BUNDLE_IDENTIFIER = co.thenasserr.FilmFlixTests;
				PRODUCT_NAME = "$(TARGET_NAME)";
				SWIFT_EMIT_LOC_STRINGS = NO;
				SWIFT_VERSION = 5.0;
				TARGETED_DEVICE_FAMILY = "1,2";
				TEST_HOST = "$(BUILT_PRODUCTS_DIR)/FilmFlix.app/$(BUNDLE_EXECUTABLE_FOLDER_PATH)/FilmFlix";
			};
			name = Debug;
		};
		D6724DDE2B926AD900FC6AF7 /* Release */ = {
			isa = XCBuildConfiguration;
			buildSettings = {
				ALWAYS_EMBED_SWIFT_STANDARD_LIBRARIES = YES;
				BUNDLE_LOADER = "$(TEST_HOST)";
				CODE_SIGN_STYLE = Automatic;
				CURRENT_PROJECT_VERSION = 1;
				DEVELOPMENT_TEAM = Z9VC2L39AT;
				GENERATE_INFOPLIST_FILE = YES;
				IPHONEOS_DEPLOYMENT_TARGET = 17.0;
				MARKETING_VERSION = 1.0;
				PRODUCT_BUNDLE_IDENTIFIER = co.thenasserr.FilmFlixTests;
				PRODUCT_NAME = "$(TARGET_NAME)";
				SWIFT_EMIT_LOC_STRINGS = NO;
				SWIFT_VERSION = 5.0;
				TARGETED_DEVICE_FAMILY = "1,2";
				TEST_HOST = "$(BUILT_PRODUCTS_DIR)/FilmFlix.app/$(BUNDLE_EXECUTABLE_FOLDER_PATH)/FilmFlix";
			};
			name = Release;
		};
		D6724DE02B926AD900FC6AF7 /* Debug */ = {
			isa = XCBuildConfiguration;
			buildSettings = {
				ALWAYS_EMBED_SWIFT_STANDARD_LIBRARIES = YES;
				CODE_SIGN_STYLE = Automatic;
				CURRENT_PROJECT_VERSION = 1;
				DEVELOPMENT_TEAM = Z9VC2L39AT;
				GENERATE_INFOPLIST_FILE = YES;
				MARKETING_VERSION = 1.0;
				PRODUCT_BUNDLE_IDENTIFIER = co.thenasserr.FilmFlixUITests;
				PRODUCT_NAME = "$(TARGET_NAME)";
				SWIFT_EMIT_LOC_STRINGS = NO;
				SWIFT_VERSION = 5.0;
				TARGETED_DEVICE_FAMILY = "1,2";
				TEST_TARGET_NAME = FilmFlix;
			};
			name = Debug;
		};
		D6724DE12B926AD900FC6AF7 /* Release */ = {
			isa = XCBuildConfiguration;
			buildSettings = {
				ALWAYS_EMBED_SWIFT_STANDARD_LIBRARIES = YES;
				CODE_SIGN_STYLE = Automatic;
				CURRENT_PROJECT_VERSION = 1;
				DEVELOPMENT_TEAM = Z9VC2L39AT;
				GENERATE_INFOPLIST_FILE = YES;
				MARKETING_VERSION = 1.0;
				PRODUCT_BUNDLE_IDENTIFIER = co.thenasserr.FilmFlixUITests;
				PRODUCT_NAME = "$(TARGET_NAME)";
				SWIFT_EMIT_LOC_STRINGS = NO;
				SWIFT_VERSION = 5.0;
				TARGETED_DEVICE_FAMILY = "1,2";
				TEST_TARGET_NAME = FilmFlix;
			};
			name = Release;
		};
/* End XCBuildConfiguration section */

/* Begin XCConfigurationList section */
		D6724DAA2B926AD700FC6AF7 /* Build configuration list for PBXProject "FilmFlix" */ = {
			isa = XCConfigurationList;
			buildConfigurations = (
				D6724DD72B926AD900FC6AF7 /* Debug */,
				D6724DD82B926AD900FC6AF7 /* Release */,
			);
			defaultConfigurationIsVisible = 0;
			defaultConfigurationName = Release;
		};
		D6724DD92B926AD900FC6AF7 /* Build configuration list for PBXNativeTarget "FilmFlix" */ = {
			isa = XCConfigurationList;
			buildConfigurations = (
				D6724DDA2B926AD900FC6AF7 /* Debug */,
				D6724DDB2B926AD900FC6AF7 /* Release */,
			);
			defaultConfigurationIsVisible = 0;
			defaultConfigurationName = Release;
		};
		D6724DDC2B926AD900FC6AF7 /* Build configuration list for PBXNativeTarget "FilmFlixTests" */ = {
			isa = XCConfigurationList;
			buildConfigurations = (
				D6724DDD2B926AD900FC6AF7 /* Debug */,
				D6724DDE2B926AD900FC6AF7 /* Release */,
			);
			defaultConfigurationIsVisible = 0;
			defaultConfigurationName = Release;
		};
		D6724DDF2B926AD900FC6AF7 /* Build configuration list for PBXNativeTarget "FilmFlixUITests" */ = {
			isa = XCConfigurationList;
			buildConfigurations = (
				D6724DE02B926AD900FC6AF7 /* Debug */,
				D6724DE12B926AD900FC6AF7 /* Release */,
			);
			defaultConfigurationIsVisible = 0;
			defaultConfigurationName = Release;
		};
/* End XCConfigurationList section */

/* Begin XCRemoteSwiftPackageReference section */
		D6724E012B92785D00FC6AF7 /* XCRemoteSwiftPackageReference "MakeConstraints" */ = {
			isa = XCRemoteSwiftPackageReference;
			repositoryURL = "https://github.com/ahmed-yamany/MakeConstraints";
			requirement = {
				branch = main;
				kind = branch;
			};
		};
/* End XCRemoteSwiftPackageReference section */

/* Begin XCSwiftPackageProductDependency section */
		D6724E022B92785D00FC6AF7 /* MakeConstraints */ = {
			isa = XCSwiftPackageProductDependency;
			package = D6724E012B92785D00FC6AF7 /* XCRemoteSwiftPackageReference "MakeConstraints" */;
			productName = MakeConstraints;
		};
/* End XCSwiftPackageProductDependency section */
	};
	rootObject = D6724DA72B926AD700FC6AF7 /* Project object */;
}
